// !$*UTF8*$!
{
	archiveVersion = 1;
	classes = {
	};
	objectVersion = 46;
	objects = {

/* Begin PBXBuildFile section */
		260775AE16F777AA0062F69C /* SIProductInfoWindowController.m in Sources */ = {isa = PBXBuildFile; fileRef = 260775AC16F777AA0062F69C /* SIProductInfoWindowController.m */; };
		260775AF16F777AA0062F69C /* SIProductInfoWindowController.xib in Resources */ = {isa = PBXBuildFile; fileRef = 260775AD16F777AA0062F69C /* SIProductInfoWindowController.xib */; };
		260775B116F77ADE0062F69C /* WebKit.framework in Frameworks */ = {isa = PBXBuildFile; fileRef = 260775B016F77ADE0062F69C /* WebKit.framework */; };
		26201BC316EE3680003F6416 /* 96-book.png in Resources */ = {isa = PBXBuildFile; fileRef = 26201BC116EE3680003F6416 /* 96-book.png */; };
		26201BC416EE3680003F6416 /* 96-book@2x.png in Resources */ = {isa = PBXBuildFile; fileRef = 26201BC216EE3680003F6416 /* 96-book@2x.png */; };
		26201BC916EE3781003F6416 /* 97-puzzle-piece.png in Resources */ = {isa = PBXBuildFile; fileRef = 26201BC516EE3781003F6416 /* 97-puzzle-piece.png */; };
		26201BCA16EE3781003F6416 /* 97-puzzle-piece@2x.png in Resources */ = {isa = PBXBuildFile; fileRef = 26201BC616EE3781003F6416 /* 97-puzzle-piece@2x.png */; };
		26201BCB16EE3781003F6416 /* 104-index-cards.png in Resources */ = {isa = PBXBuildFile; fileRef = 26201BC716EE3781003F6416 /* 104-index-cards.png */; };
		26201BCC16EE3781003F6416 /* 104-index-cards@2x.png in Resources */ = {isa = PBXBuildFile; fileRef = 26201BC816EE3781003F6416 /* 104-index-cards@2x.png */; };
		26201BCE16EE3C37003F6416 /* UserDefaults.plist in Resources */ = {isa = PBXBuildFile; fileRef = 26201BCD16EE3C37003F6416 /* UserDefaults.plist */; };
		26201BD116EE4041003F6416 /* SIReposadoConfigurationController.m in Sources */ = {isa = PBXBuildFile; fileRef = 26201BD016EE4041003F6416 /* SIReposadoConfigurationController.m */; };
		26201BD316EE405F003F6416 /* SIReposadoConfigurationController.xib in Resources */ = {isa = PBXBuildFile; fileRef = 26201BD216EE405F003F6416 /* SIReposadoConfigurationController.xib */; };
		26B05AD31711E42E00B24A5A /* SIPackageMO.m in Sources */ = {isa = PBXBuildFile; fileRef = 26B05AD21711E42E00B24A5A /* SIPackageMO.m */; };
		26F311FC1719A8E800ED6AC7 /* _SICatalogMO.m in Sources */ = {isa = PBXBuildFile; fileRef = 26F311F11719A8E800ED6AC7 /* _SICatalogMO.m */; };
		26F311FD1719A8E800ED6AC7 /* _SIDistributionMO.m in Sources */ = {isa = PBXBuildFile; fileRef = 26F311F31719A8E800ED6AC7 /* _SIDistributionMO.m */; };
		26F311FE1719A8E800ED6AC7 /* _SIPackageMO.m in Sources */ = {isa = PBXBuildFile; fileRef = 26F311F51719A8E800ED6AC7 /* _SIPackageMO.m */; };
		26F311FF1719A8E800ED6AC7 /* _SIProductMO.m in Sources */ = {isa = PBXBuildFile; fileRef = 26F311F71719A8E800ED6AC7 /* _SIProductMO.m */; };
		26F312001719A8E800ED6AC7 /* _SIReposadoInstanceMO.m in Sources */ = {isa = PBXBuildFile; fileRef = 26F311F91719A8E800ED6AC7 /* _SIReposadoInstanceMO.m */; };
		26F312011719A8E800ED6AC7 /* _SISourceListItemMO.m in Sources */ = {isa = PBXBuildFile; fileRef = 26F311FB1719A8E800ED6AC7 /* _SISourceListItemMO.m */; };
		D02F46BBA900C02FF0022F4B /* Localizable.strings in Resources */ = {isa = PBXBuildFile; fileRef = D0232CCEE9E4AC0981A6AAEE /* Localizable.strings */; };
		F501048216E9DF0900B345DE /* SICatalogsViewController.m in Sources */ = {isa = PBXBuildFile; fileRef = F501048016E9DF0900B345DE /* SICatalogsViewController.m */; };
		F501048316E9DF0900B345DE /* SICatalogsViewController.xib in Resources */ = {isa = PBXBuildFile; fileRef = F501048116E9DF0900B345DE /* SICatalogsViewController.xib */; };
		F501048616EA044100B345DE /* SISourceListItemMO.m in Sources */ = {isa = PBXBuildFile; fileRef = F501048516EA044100B345DE /* SISourceListItemMO.m */; };
		F50EFBF11727E6BD00B38233 /* SIPkginfoMultipleWindowController.m in Sources */ = {isa = PBXBuildFile; fileRef = F50EFBEF1727E6BD00B38233 /* SIPkginfoMultipleWindowController.m */; };
		F50EFBF21727E6BD00B38233 /* SIPkginfoMultipleWindowController.xib in Resources */ = {isa = PBXBuildFile; fileRef = F50EFBF01727E6BD00B38233 /* SIPkginfoMultipleWindowController.xib */; };
		F51F79AB16F8C421008BEA0D /* SIPkginfoWindowController.m in Sources */ = {isa = PBXBuildFile; fileRef = F51F79A916F8C421008BEA0D /* SIPkginfoWindowController.m */; };
		F51F79AC16F8C421008BEA0D /* SIPkginfoWindowController.xib in Resources */ = {isa = PBXBuildFile; fileRef = F51F79AA16F8C421008BEA0D /* SIPkginfoWindowController.xib */; };
		F53BDE4416E874D300055BC3 /* SIOperationManager.m in Sources */ = {isa = PBXBuildFile; fileRef = F53BDE4316E874D300055BC3 /* SIOperationManager.m */; };
		F53BDE4B16E882C000055BC3 /* NSManagedObjectContext+HJGCDExtensions.m in Sources */ = {isa = PBXBuildFile; fileRef = F53BDE4A16E882C000055BC3 /* NSManagedObjectContext+HJGCDExtensions.m */; };
		F53BDE4F16E89BD200055BC3 /* SIProgressWindowController.m in Sources */ = {isa = PBXBuildFile; fileRef = F53BDE4D16E89BD100055BC3 /* SIProgressWindowController.m */; };
		F53BDE5016E89BD200055BC3 /* SIProgressWindowController.xib in Resources */ = {isa = PBXBuildFile; fileRef = F53BDE4E16E89BD200055BC3 /* SIProgressWindowController.xib */; };
		F53BDE5416E8A0CD00055BC3 /* SIProductsViewController.m in Sources */ = {isa = PBXBuildFile; fileRef = F53BDE5216E8A0CD00055BC3 /* SIProductsViewController.m */; };
		F53BDE5516E8A0CD00055BC3 /* SIProductsViewController.xib in Resources */ = {isa = PBXBuildFile; fileRef = F53BDE5316E8A0CD00055BC3 /* SIProductsViewController.xib */; };
		F53BDE5816E8A3C300055BC3 /* SIGradientBackgroundView.m in Sources */ = {isa = PBXBuildFile; fileRef = F53BDE5716E8A3C200055BC3 /* SIGradientBackgroundView.m */; };
		F53BDE5B16E8B4C800055BC3 /* AMShellWrapper.m in Sources */ = {isa = PBXBuildFile; fileRef = F53BDE5A16E8B4C800055BC3 /* AMShellWrapper.m */; };
		F58FF41316F7530500EF58B0 /* MIT-License.rtf in Resources */ = {isa = PBXBuildFile; fileRef = F58FF41016F7530500EF58B0 /* MIT-License.rtf */; };
		F58FF41416F7530500EF58B0 /* RSVerticallyCenteredTextFieldCell.m in Sources */ = {isa = PBXBuildFile; fileRef = F58FF41216F7530500EF58B0 /* RSVerticallyCenteredTextFieldCell.m */; };
		F5C6643D16EF1994009802F2 /* SIGradientButtonBarView.m in Sources */ = {isa = PBXBuildFile; fileRef = F5C6643C16EF1994009802F2 /* SIGradientButtonBarView.m */; };
		F5D151A816EDED9C0072EE5F /* 293-database.png in Resources */ = {isa = PBXBuildFile; fileRef = F5D151A616EDED9C0072EE5F /* 293-database.png */; };
		F5D151A916EDED9C0072EE5F /* 293-database@2x.png in Resources */ = {isa = PBXBuildFile; fileRef = F5D151A716EDED9C0072EE5F /* 293-database@2x.png */; };
		F5D151AC16EDEFB60072EE5F /* 179-notepad.png in Resources */ = {isa = PBXBuildFile; fileRef = F5D151AA16EDEFB60072EE5F /* 179-notepad.png */; };
		F5D151AD16EDEFB60072EE5F /* 179-notepad@2x.png in Resources */ = {isa = PBXBuildFile; fileRef = F5D151AB16EDEFB60072EE5F /* 179-notepad@2x.png */; };
		F5E06E3D16E473FF008B7831 /* Cocoa.framework in Frameworks */ = {isa = PBXBuildFile; fileRef = F5E06E3C16E473FF008B7831 /* Cocoa.framework */; };
		F5E06E4716E473FF008B7831 /* InfoPlist.strings in Resources */ = {isa = PBXBuildFile; fileRef = F5E06E4516E473FF008B7831 /* InfoPlist.strings */; };
		F5E06E4916E473FF008B7831 /* main.m in Sources */ = {isa = PBXBuildFile; fileRef = F5E06E4816E473FF008B7831 /* main.m */; };
		F5E06E4D16E473FF008B7831 /* Credits.rtf in Resources */ = {isa = PBXBuildFile; fileRef = F5E06E4B16E473FF008B7831 /* Credits.rtf */; };
		F5E06E5016E473FF008B7831 /* SIAppDelegate.m in Sources */ = {isa = PBXBuildFile; fileRef = F5E06E4F16E473FF008B7831 /* SIAppDelegate.m */; };
		F5E06E5316E473FF008B7831 /* MainMenu.xib in Resources */ = {isa = PBXBuildFile; fileRef = F5E06E5116E473FF008B7831 /* MainMenu.xib */; };
		F5E06E5616E473FF008B7831 /* SUS_Inspector.xcdatamodeld in Sources */ = {isa = PBXBuildFile; fileRef = F5E06E5416E473FF008B7831 /* SUS_Inspector.xcdatamodeld */; };
		F5E06E5E16E47400008B7831 /* SenTestingKit.framework in Frameworks */ = {isa = PBXBuildFile; fileRef = F5E06E5D16E473FF008B7831 /* SenTestingKit.framework */; };
		F5E06E5F16E47400008B7831 /* Cocoa.framework in Frameworks */ = {isa = PBXBuildFile; fileRef = F5E06E3C16E473FF008B7831 /* Cocoa.framework */; };
		F5E06E6716E47400008B7831 /* InfoPlist.strings in Resources */ = {isa = PBXBuildFile; fileRef = F5E06E6516E47400008B7831 /* InfoPlist.strings */; };
		F5E06E6A16E47400008B7831 /* SUS_InspectorTests.m in Sources */ = {isa = PBXBuildFile; fileRef = F5E06E6916E47400008B7831 /* SUS_InspectorTests.m */; };
		F5E06E9C16E49CC9008B7831 /* SIReposadoInstanceMO.m in Sources */ = {isa = PBXBuildFile; fileRef = F5E06E9016E49CC9008B7831 /* SIReposadoInstanceMO.m */; };
		F5E06E9D16E49CC9008B7831 /* SICatalogMO.m in Sources */ = {isa = PBXBuildFile; fileRef = F5E06E9216E49CC9008B7831 /* SICatalogMO.m */; };
		F5E06E9E16E49CC9008B7831 /* SIProductMO.m in Sources */ = {isa = PBXBuildFile; fileRef = F5E06E9416E49CC9008B7831 /* SIProductMO.m */; };
		F5E06EA716E4D8A1008B7831 /* SISizeFormatter.m in Sources */ = {isa = PBXBuildFile; fileRef = F5E06EA616E4D8A1008B7831 /* SISizeFormatter.m */; };
		F5E07B5E170ACA910069993C /* SIPreferencesController.m in Sources */ = {isa = PBXBuildFile; fileRef = F5E07B5C170ACA910069993C /* SIPreferencesController.m */; };
		F5E07B5F170ACA910069993C /* SIPreferencesController.xib in Resources */ = {isa = PBXBuildFile; fileRef = F5E07B5D170ACA910069993C /* SIPreferencesController.xib */; };
		F5E559A1171BFD3000B285CF /* SIDownloadableObject.m in Sources */ = {isa = PBXBuildFile; fileRef = F5E559A0171BFD3000B285CF /* SIDownloadableObject.m */; };
		F5E559A4171BFD3900B285CF /* _SIDownloadableObject.m in Sources */ = {isa = PBXBuildFile; fileRef = F5E559A3171BFD3900B285CF /* _SIDownloadableObject.m */; };
		F5E559A7171C026800B285CF /* SIServerMetadataMO.m in Sources */ = {isa = PBXBuildFile; fileRef = F5E559A6171C026800B285CF /* SIServerMetadataMO.m */; };
		F5E559AA171C027000B285CF /* _SIServerMetadataMO.m in Sources */ = {isa = PBXBuildFile; fileRef = F5E559A9171C027000B285CF /* _SIServerMetadataMO.m */; };
		F5E559AD171C03F700B285CF /* SIPackageMetadataMO.m in Sources */ = {isa = PBXBuildFile; fileRef = F5E559AC171C03F700B285CF /* SIPackageMetadataMO.m */; };
		F5E559B0171C03FE00B285CF /* _SIPackageMetadataMO.m in Sources */ = {isa = PBXBuildFile; fileRef = F5E559AF171C03FE00B285CF /* _SIPackageMetadataMO.m */; };
		F5E559B3171C108300B285CF /* SIPackageMetadataParser.m in Sources */ = {isa = PBXBuildFile; fileRef = F5E559B2171C108300B285CF /* SIPackageMetadataParser.m */; };
		F5EE0D9716E5D9E1006AEA8B /* SIMainWindowController.m in Sources */ = {isa = PBXBuildFile; fileRef = F5EE0D9516E5D9E1006AEA8B /* SIMainWindowController.m */; };
		F5EE0D9816E5D9E1006AEA8B /* SIMainWindowController.xib in Resources */ = {isa = PBXBuildFile; fileRef = F5EE0D9616E5D9E1006AEA8B /* SIMainWindowController.xib */; };
		F5F237231717F69D00173700 /* SIDistributionMO.m in Sources */ = {isa = PBXBuildFile; fileRef = F5F237221717F69D00173700 /* SIDistributionMO.m */; };
/* End PBXBuildFile section */

/* Begin PBXContainerItemProxy section */
		F5E06E6016E47400008B7831 /* PBXContainerItemProxy */ = {
			isa = PBXContainerItemProxy;
			containerPortal = F5E06E3116E473FF008B7831 /* Project object */;
			proxyType = 1;
			remoteGlobalIDString = F5E06E3816E473FF008B7831;
			remoteInfo = "SUS Inspector";
		};
/* End PBXContainerItemProxy section */

/* Begin PBXFileReference section */
		260775AB16F777AA0062F69C /* SIProductInfoWindowController.h */ = {isa = PBXFileReference; fileEncoding = 4; lastKnownFileType = sourcecode.c.h; name = SIProductInfoWindowController.h; path = "UI Controllers/SIProductInfoWindowController.h"; sourceTree = "<group>"; };
		260775AC16F777AA0062F69C /* SIProductInfoWindowController.m */ = {isa = PBXFileReference; fileEncoding = 4; lastKnownFileType = sourcecode.c.objc; name = SIProductInfoWindowController.m; path = "UI Controllers/SIProductInfoWindowController.m"; sourceTree = "<group>"; };
		260775AD16F777AA0062F69C /* SIProductInfoWindowController.xib */ = {isa = PBXFileReference; fileEncoding = 4; lastKnownFileType = file.xib; name = SIProductInfoWindowController.xib; path = "UI Controllers/SIProductInfoWindowController.xib"; sourceTree = "<group>"; };
		260775B016F77ADE0062F69C /* WebKit.framework */ = {isa = PBXFileReference; lastKnownFileType = wrapper.framework; name = WebKit.framework; path = System/Library/Frameworks/WebKit.framework; sourceTree = SDKROOT; };
		26201BC116EE3680003F6416 /* 96-book.png */ = {isa = PBXFileReference; lastKnownFileType = image.png; path = "96-book.png"; sourceTree = "<group>"; };
		26201BC216EE3680003F6416 /* 96-book@2x.png */ = {isa = PBXFileReference; lastKnownFileType = image.png; path = "96-book@2x.png"; sourceTree = "<group>"; };
		26201BC516EE3781003F6416 /* 97-puzzle-piece.png */ = {isa = PBXFileReference; lastKnownFileType = image.png; path = "97-puzzle-piece.png"; sourceTree = "<group>"; };
		26201BC616EE3781003F6416 /* 97-puzzle-piece@2x.png */ = {isa = PBXFileReference; lastKnownFileType = image.png; path = "97-puzzle-piece@2x.png"; sourceTree = "<group>"; };
		26201BC716EE3781003F6416 /* 104-index-cards.png */ = {isa = PBXFileReference; lastKnownFileType = image.png; path = "104-index-cards.png"; sourceTree = "<group>"; };
		26201BC816EE3781003F6416 /* 104-index-cards@2x.png */ = {isa = PBXFileReference; lastKnownFileType = image.png; path = "104-index-cards@2x.png"; sourceTree = "<group>"; };
		26201BCD16EE3C37003F6416 /* UserDefaults.plist */ = {isa = PBXFileReference; fileEncoding = 4; lastKnownFileType = text.plist.xml; path = UserDefaults.plist; sourceTree = "<group>"; };
		26201BCF16EE4041003F6416 /* SIReposadoConfigurationController.h */ = {isa = PBXFileReference; fileEncoding = 4; lastKnownFileType = sourcecode.c.h; name = SIReposadoConfigurationController.h; path = "UI Controllers/SIReposadoConfigurationController.h"; sourceTree = "<group>"; };
		26201BD016EE4041003F6416 /* SIReposadoConfigurationController.m */ = {isa = PBXFileReference; fileEncoding = 4; lastKnownFileType = sourcecode.c.objc; name = SIReposadoConfigurationController.m; path = "UI Controllers/SIReposadoConfigurationController.m"; sourceTree = "<group>"; };
		26201BD216EE405F003F6416 /* SIReposadoConfigurationController.xib */ = {isa = PBXFileReference; fileEncoding = 4; lastKnownFileType = file.xib; name = SIReposadoConfigurationController.xib; path = "UI Controllers/SIReposadoConfigurationController.xib"; sourceTree = "<group>"; };
		26B05AD11711E42E00B24A5A /* SIPackageMO.h */ = {isa = PBXFileReference; fileEncoding = 4; lastKnownFileType = sourcecode.c.h; path = SIPackageMO.h; sourceTree = "<group>"; };
		26B05AD21711E42E00B24A5A /* SIPackageMO.m */ = {isa = PBXFileReference; fileEncoding = 4; lastKnownFileType = sourcecode.c.objc; path = SIPackageMO.m; sourceTree = "<group>"; };
		26F311F01719A8E800ED6AC7 /* _SICatalogMO.h */ = {isa = PBXFileReference; fileEncoding = 4; lastKnownFileType = sourcecode.c.h; path = _SICatalogMO.h; sourceTree = "<group>"; };
		26F311F11719A8E800ED6AC7 /* _SICatalogMO.m */ = {isa = PBXFileReference; fileEncoding = 4; lastKnownFileType = sourcecode.c.objc; path = _SICatalogMO.m; sourceTree = "<group>"; };
		26F311F21719A8E800ED6AC7 /* _SIDistributionMO.h */ = {isa = PBXFileReference; fileEncoding = 4; lastKnownFileType = sourcecode.c.h; path = _SIDistributionMO.h; sourceTree = "<group>"; };
		26F311F31719A8E800ED6AC7 /* _SIDistributionMO.m */ = {isa = PBXFileReference; fileEncoding = 4; lastKnownFileType = sourcecode.c.objc; path = _SIDistributionMO.m; sourceTree = "<group>"; };
		26F311F41719A8E800ED6AC7 /* _SIPackageMO.h */ = {isa = PBXFileReference; fileEncoding = 4; lastKnownFileType = sourcecode.c.h; path = _SIPackageMO.h; sourceTree = "<group>"; };
		26F311F51719A8E800ED6AC7 /* _SIPackageMO.m */ = {isa = PBXFileReference; fileEncoding = 4; lastKnownFileType = sourcecode.c.objc; path = _SIPackageMO.m; sourceTree = "<group>"; };
		26F311F61719A8E800ED6AC7 /* _SIProductMO.h */ = {isa = PBXFileReference; fileEncoding = 4; lastKnownFileType = sourcecode.c.h; path = _SIProductMO.h; sourceTree = "<group>"; };
		26F311F71719A8E800ED6AC7 /* _SIProductMO.m */ = {isa = PBXFileReference; fileEncoding = 4; lastKnownFileType = sourcecode.c.objc; path = _SIProductMO.m; sourceTree = "<group>"; };
		26F311F81719A8E800ED6AC7 /* _SIReposadoInstanceMO.h */ = {isa = PBXFileReference; fileEncoding = 4; lastKnownFileType = sourcecode.c.h; path = _SIReposadoInstanceMO.h; sourceTree = "<group>"; };
		26F311F91719A8E800ED6AC7 /* _SIReposadoInstanceMO.m */ = {isa = PBXFileReference; fileEncoding = 4; lastKnownFileType = sourcecode.c.objc; path = _SIReposadoInstanceMO.m; sourceTree = "<group>"; };
		26F311FA1719A8E800ED6AC7 /* _SISourceListItemMO.h */ = {isa = PBXFileReference; fileEncoding = 4; lastKnownFileType = sourcecode.c.h; path = _SISourceListItemMO.h; sourceTree = "<group>"; };
		26F311FB1719A8E800ED6AC7 /* _SISourceListItemMO.m */ = {isa = PBXFileReference; fileEncoding = 4; lastKnownFileType = sourcecode.c.objc; path = _SISourceListItemMO.m; sourceTree = "<group>"; };
		D0232CCEE9E4AC0981A6AAEE /* Localizable.strings */ = {isa = PBXFileReference; fileEncoding = 4; lastKnownFileType = text.plist.strings; name = Localizable.strings; path = "UI Controllers/Localizable.strings"; sourceTree = "<group>"; };
		F501047F16E9DF0900B345DE /* SICatalogsViewController.h */ = {isa = PBXFileReference; fileEncoding = 4; lastKnownFileType = sourcecode.c.h; name = SICatalogsViewController.h; path = "UI Controllers/SICatalogsViewController.h"; sourceTree = "<group>"; };
		F501048016E9DF0900B345DE /* SICatalogsViewController.m */ = {isa = PBXFileReference; fileEncoding = 4; lastKnownFileType = sourcecode.c.objc; name = SICatalogsViewController.m; path = "UI Controllers/SICatalogsViewController.m"; sourceTree = "<group>"; };
		F501048116E9DF0900B345DE /* SICatalogsViewController.xib */ = {isa = PBXFileReference; fileEncoding = 4; lastKnownFileType = file.xib; name = SICatalogsViewController.xib; path = "UI Controllers/SICatalogsViewController.xib"; sourceTree = "<group>"; };
		F501048416EA044100B345DE /* SISourceListItemMO.h */ = {isa = PBXFileReference; fileEncoding = 4; lastKnownFileType = sourcecode.c.h; path = SISourceListItemMO.h; sourceTree = "<group>"; };
		F501048516EA044100B345DE /* SISourceListItemMO.m */ = {isa = PBXFileReference; fileEncoding = 4; lastKnownFileType = sourcecode.c.objc; path = SISourceListItemMO.m; sourceTree = "<group>"; };
		F50EFBEE1727E6BD00B38233 /* SIPkginfoMultipleWindowController.h */ = {isa = PBXFileReference; fileEncoding = 4; lastKnownFileType = sourcecode.c.h; name = SIPkginfoMultipleWindowController.h; path = "UI Controllers/SIPkginfoMultipleWindowController.h"; sourceTree = "<group>"; };
		F50EFBEF1727E6BD00B38233 /* SIPkginfoMultipleWindowController.m */ = {isa = PBXFileReference; fileEncoding = 4; lastKnownFileType = sourcecode.c.objc; name = SIPkginfoMultipleWindowController.m; path = "UI Controllers/SIPkginfoMultipleWindowController.m"; sourceTree = "<group>"; };
		F50EFBF01727E6BD00B38233 /* SIPkginfoMultipleWindowController.xib */ = {isa = PBXFileReference; fileEncoding = 4; lastKnownFileType = file.xib; name = SIPkginfoMultipleWindowController.xib; path = "UI Controllers/SIPkginfoMultipleWindowController.xib"; sourceTree = "<group>"; };
		F51F79A816F8C421008BEA0D /* SIPkginfoWindowController.h */ = {isa = PBXFileReference; fileEncoding = 4; lastKnownFileType = sourcecode.c.h; name = SIPkginfoWindowController.h; path = "UI Controllers/SIPkginfoWindowController.h"; sourceTree = "<group>"; };
		F51F79A916F8C421008BEA0D /* SIPkginfoWindowController.m */ = {isa = PBXFileReference; fileEncoding = 4; lastKnownFileType = sourcecode.c.objc; name = SIPkginfoWindowController.m; path = "UI Controllers/SIPkginfoWindowController.m"; sourceTree = "<group>"; };
		F51F79AA16F8C421008BEA0D /* SIPkginfoWindowController.xib */ = {isa = PBXFileReference; fileEncoding = 4; lastKnownFileType = file.xib; name = SIPkginfoWindowController.xib; path = "UI Controllers/SIPkginfoWindowController.xib"; sourceTree = "<group>"; };
		F53BDE4216E874D300055BC3 /* SIOperationManager.h */ = {isa = PBXFileReference; fileEncoding = 4; lastKnownFileType = sourcecode.c.h; path = SIOperationManager.h; sourceTree = "<group>"; };
		F53BDE4316E874D300055BC3 /* SIOperationManager.m */ = {isa = PBXFileReference; fileEncoding = 4; lastKnownFileType = sourcecode.c.objc; path = SIOperationManager.m; sourceTree = "<group>"; };
		F53BDE4916E882C000055BC3 /* NSManagedObjectContext+HJGCDExtensions.h */ = {isa = PBXFileReference; fileEncoding = 4; lastKnownFileType = sourcecode.c.h; path = "NSManagedObjectContext+HJGCDExtensions.h"; sourceTree = "<group>"; };
		F53BDE4A16E882C000055BC3 /* NSManagedObjectContext+HJGCDExtensions.m */ = {isa = PBXFileReference; fileEncoding = 4; lastKnownFileType = sourcecode.c.objc; path = "NSManagedObjectContext+HJGCDExtensions.m"; sourceTree = "<group>"; };
		F53BDE4C16E89BD100055BC3 /* SIProgressWindowController.h */ = {isa = PBXFileReference; fileEncoding = 4; lastKnownFileType = sourcecode.c.h; name = SIProgressWindowController.h; path = "UI Controllers/SIProgressWindowController.h"; sourceTree = "<group>"; };
		F53BDE4D16E89BD100055BC3 /* SIProgressWindowController.m */ = {isa = PBXFileReference; fileEncoding = 4; lastKnownFileType = sourcecode.c.objc; name = SIProgressWindowController.m; path = "UI Controllers/SIProgressWindowController.m"; sourceTree = "<group>"; };
		F53BDE4E16E89BD200055BC3 /* SIProgressWindowController.xib */ = {isa = PBXFileReference; fileEncoding = 4; lastKnownFileType = file.xib; name = SIProgressWindowController.xib; path = "UI Controllers/SIProgressWindowController.xib"; sourceTree = "<group>"; };
		F53BDE5116E8A0CD00055BC3 /* SIProductsViewController.h */ = {isa = PBXFileReference; fileEncoding = 4; lastKnownFileType = sourcecode.c.h; name = SIProductsViewController.h; path = "UI Controllers/SIProductsViewController.h"; sourceTree = "<group>"; };
		F53BDE5216E8A0CD00055BC3 /* SIProductsViewController.m */ = {isa = PBXFileReference; fileEncoding = 4; lastKnownFileType = sourcecode.c.objc; name = SIProductsViewController.m; path = "UI Controllers/SIProductsViewController.m"; sourceTree = "<group>"; };
		F53BDE5316E8A0CD00055BC3 /* SIProductsViewController.xib */ = {isa = PBXFileReference; fileEncoding = 4; lastKnownFileType = file.xib; name = SIProductsViewController.xib; path = "UI Controllers/SIProductsViewController.xib"; sourceTree = "<group>"; };
		F53BDE5616E8A3C200055BC3 /* SIGradientBackgroundView.h */ = {isa = PBXFileReference; fileEncoding = 4; lastKnownFileType = sourcecode.c.h; path = SIGradientBackgroundView.h; sourceTree = "<group>"; };
		F53BDE5716E8A3C200055BC3 /* SIGradientBackgroundView.m */ = {isa = PBXFileReference; fileEncoding = 4; lastKnownFileType = sourcecode.c.objc; path = SIGradientBackgroundView.m; sourceTree = "<group>"; };
		F53BDE5916E8B4C800055BC3 /* AMShellWrapper.h */ = {isa = PBXFileReference; fileEncoding = 4; lastKnownFileType = sourcecode.c.h; path = AMShellWrapper.h; sourceTree = "<group>"; };
		F53BDE5A16E8B4C800055BC3 /* AMShellWrapper.m */ = {isa = PBXFileReference; fileEncoding = 4; lastKnownFileType = sourcecode.c.objc; path = AMShellWrapper.m; sourceTree = "<group>"; };
		F58FF41016F7530500EF58B0 /* MIT-License.rtf */ = {isa = PBXFileReference; fileEncoding = 4; lastKnownFileType = text.rtf; path = "MIT-License.rtf"; sourceTree = "<group>"; };
		F58FF41116F7530500EF58B0 /* RSVerticallyCenteredTextFieldCell.h */ = {isa = PBXFileReference; fileEncoding = 4; lastKnownFileType = sourcecode.c.h; path = RSVerticallyCenteredTextFieldCell.h; sourceTree = "<group>"; };
		F58FF41216F7530500EF58B0 /* RSVerticallyCenteredTextFieldCell.m */ = {isa = PBXFileReference; fileEncoding = 4; lastKnownFileType = sourcecode.c.objc; path = RSVerticallyCenteredTextFieldCell.m; sourceTree = "<group>"; };
		F5C6643B16EF1994009802F2 /* SIGradientButtonBarView.h */ = {isa = PBXFileReference; fileEncoding = 4; lastKnownFileType = sourcecode.c.h; path = SIGradientButtonBarView.h; sourceTree = "<group>"; };
		F5C6643C16EF1994009802F2 /* SIGradientButtonBarView.m */ = {isa = PBXFileReference; fileEncoding = 4; lastKnownFileType = sourcecode.c.objc; path = SIGradientButtonBarView.m; sourceTree = "<group>"; };
		F5D151A616EDED9C0072EE5F /* 293-database.png */ = {isa = PBXFileReference; lastKnownFileType = image.png; path = "293-database.png"; sourceTree = "<group>"; };
		F5D151A716EDED9C0072EE5F /* 293-database@2x.png */ = {isa = PBXFileReference; lastKnownFileType = image.png; path = "293-database@2x.png"; sourceTree = "<group>"; };
		F5D151AA16EDEFB60072EE5F /* 179-notepad.png */ = {isa = PBXFileReference; lastKnownFileType = image.png; path = "179-notepad.png"; sourceTree = "<group>"; };
		F5D151AB16EDEFB60072EE5F /* 179-notepad@2x.png */ = {isa = PBXFileReference; lastKnownFileType = image.png; path = "179-notepad@2x.png"; sourceTree = "<group>"; };
		F5E06E3916E473FF008B7831 /* SUS Inspector.app */ = {isa = PBXFileReference; explicitFileType = wrapper.application; includeInIndex = 0; path = "SUS Inspector.app"; sourceTree = BUILT_PRODUCTS_DIR; };
		F5E06E3C16E473FF008B7831 /* Cocoa.framework */ = {isa = PBXFileReference; lastKnownFileType = wrapper.framework; name = Cocoa.framework; path = System/Library/Frameworks/Cocoa.framework; sourceTree = SDKROOT; };
		F5E06E3F16E473FF008B7831 /* AppKit.framework */ = {isa = PBXFileReference; lastKnownFileType = wrapper.framework; name = AppKit.framework; path = System/Library/Frameworks/AppKit.framework; sourceTree = SDKROOT; };
		F5E06E4016E473FF008B7831 /* CoreData.framework */ = {isa = PBXFileReference; lastKnownFileType = wrapper.framework; name = CoreData.framework; path = System/Library/Frameworks/CoreData.framework; sourceTree = SDKROOT; };
		F5E06E4116E473FF008B7831 /* Foundation.framework */ = {isa = PBXFileReference; lastKnownFileType = wrapper.framework; name = Foundation.framework; path = System/Library/Frameworks/Foundation.framework; sourceTree = SDKROOT; };
		F5E06E4416E473FF008B7831 /* SUS Inspector-Info.plist */ = {isa = PBXFileReference; lastKnownFileType = text.plist.xml; path = "SUS Inspector-Info.plist"; sourceTree = "<group>"; };
		F5E06E4616E473FF008B7831 /* en */ = {isa = PBXFileReference; lastKnownFileType = text.plist.strings; name = en; path = en.lproj/InfoPlist.strings; sourceTree = "<group>"; };
		F5E06E4816E473FF008B7831 /* main.m */ = {isa = PBXFileReference; lastKnownFileType = sourcecode.c.objc; path = main.m; sourceTree = "<group>"; };
		F5E06E4A16E473FF008B7831 /* SUS Inspector-Prefix.pch */ = {isa = PBXFileReference; lastKnownFileType = sourcecode.c.h; path = "SUS Inspector-Prefix.pch"; sourceTree = "<group>"; };
		F5E06E4C16E473FF008B7831 /* en */ = {isa = PBXFileReference; lastKnownFileType = text.rtf; name = en; path = en.lproj/Credits.rtf; sourceTree = "<group>"; };
		F5E06E4E16E473FF008B7831 /* SIAppDelegate.h */ = {isa = PBXFileReference; lastKnownFileType = sourcecode.c.h; path = SIAppDelegate.h; sourceTree = "<group>"; };
		F5E06E4F16E473FF008B7831 /* SIAppDelegate.m */ = {isa = PBXFileReference; lastKnownFileType = sourcecode.c.objc; path = SIAppDelegate.m; sourceTree = "<group>"; };
		F5E06E5216E473FF008B7831 /* en */ = {isa = PBXFileReference; lastKnownFileType = file.xib; name = en; path = en.lproj/MainMenu.xib; sourceTree = "<group>"; };
		F5E06E5516E473FF008B7831 /* SUS_Inspector.xcdatamodel */ = {isa = PBXFileReference; lastKnownFileType = wrapper.xcdatamodel; path = SUS_Inspector.xcdatamodel; sourceTree = "<group>"; };
		F5E06E5C16E473FF008B7831 /* SUS InspectorTests.octest */ = {isa = PBXFileReference; explicitFileType = wrapper.cfbundle; includeInIndex = 0; path = "SUS InspectorTests.octest"; sourceTree = BUILT_PRODUCTS_DIR; };
		F5E06E5D16E473FF008B7831 /* SenTestingKit.framework */ = {isa = PBXFileReference; lastKnownFileType = wrapper.framework; name = SenTestingKit.framework; path = Library/Frameworks/SenTestingKit.framework; sourceTree = DEVELOPER_DIR; };
		F5E06E6416E47400008B7831 /* SUS InspectorTests-Info.plist */ = {isa = PBXFileReference; lastKnownFileType = text.plist.xml; path = "SUS InspectorTests-Info.plist"; sourceTree = "<group>"; };
		F5E06E6616E47400008B7831 /* en */ = {isa = PBXFileReference; lastKnownFileType = text.plist.strings; name = en; path = en.lproj/InfoPlist.strings; sourceTree = "<group>"; };
		F5E06E6816E47400008B7831 /* SUS_InspectorTests.h */ = {isa = PBXFileReference; lastKnownFileType = sourcecode.c.h; path = SUS_InspectorTests.h; sourceTree = "<group>"; };
		F5E06E6916E47400008B7831 /* SUS_InspectorTests.m */ = {isa = PBXFileReference; lastKnownFileType = sourcecode.c.objc; path = SUS_InspectorTests.m; sourceTree = "<group>"; };
		F5E06E7516E479DB008B7831 /* repo_sync */ = {isa = PBXFileReference; lastKnownFileType = text; path = repo_sync; sourceTree = "<group>"; };
		F5E06E7716E479DB008B7831 /* __init__.py */ = {isa = PBXFileReference; lastKnownFileType = text.script.python; path = __init__.py; sourceTree = "<group>"; };
		F5E06E7816E479DB008B7831 /* reposadocommon.py */ = {isa = PBXFileReference; lastKnownFileType = text.script.python; path = reposadocommon.py; sourceTree = "<group>"; };
		F5E06E7916E479DB008B7831 /* repoutil */ = {isa = PBXFileReference; lastKnownFileType = text; path = repoutil; sourceTree = "<group>"; };
		F5E06E7B16E479DB008B7831 /* client_configuration.txt */ = {isa = PBXFileReference; lastKnownFileType = text; path = client_configuration.txt; sourceTree = "<group>"; };
		F5E06E7C16E479DB008B7831 /* getting_started.txt */ = {isa = PBXFileReference; lastKnownFileType = text; path = getting_started.txt; sourceTree = "<group>"; };
		F5E06E7D16E479DB008B7831 /* reference.txt */ = {isa = PBXFileReference; lastKnownFileType = text; path = reference.txt; sourceTree = "<group>"; };
		F5E06E7E16E479DB008B7831 /* reposado_metadata.txt */ = {isa = PBXFileReference; lastKnownFileType = text; path = reposado_metadata.txt; sourceTree = "<group>"; };
		F5E06E7F16E479DB008B7831 /* reposado_operation.txt */ = {isa = PBXFileReference; lastKnownFileType = text; path = reposado_operation.txt; sourceTree = "<group>"; };
		F5E06E8016E479DB008B7831 /* reposado_preferences.txt */ = {isa = PBXFileReference; lastKnownFileType = text; path = reposado_preferences.txt; sourceTree = "<group>"; };
		F5E06E8116E479DB008B7831 /* reposado_py2exe.txt */ = {isa = PBXFileReference; lastKnownFileType = text; path = reposado_py2exe.txt; sourceTree = "<group>"; };
		F5E06E8216E479DB008B7831 /* URL_rewrites.txt */ = {isa = PBXFileReference; lastKnownFileType = text; path = URL_rewrites.txt; sourceTree = "<group>"; };
		F5E06E8316E479DB008B7831 /* LICENSE.txt */ = {isa = PBXFileReference; lastKnownFileType = text; path = LICENSE.txt; sourceTree = "<group>"; };
		F5E06E8516E479DB008B7831 /* reposado.jpg */ = {isa = PBXFileReference; lastKnownFileType = image.jpeg; path = reposado.jpg; sourceTree = "<group>"; };
		F5E06E8616E479DB008B7831 /* README.md */ = {isa = PBXFileReference; lastKnownFileType = text; path = README.md; sourceTree = "<group>"; };
		F5E06E8716E479DB008B7831 /* setup.py */ = {isa = PBXFileReference; lastKnownFileType = text.script.python; path = setup.py; sourceTree = "<group>"; };
		F5E06E8F16E49CC9008B7831 /* SIReposadoInstanceMO.h */ = {isa = PBXFileReference; fileEncoding = 4; lastKnownFileType = sourcecode.c.h; path = SIReposadoInstanceMO.h; sourceTree = "<group>"; };
		F5E06E9016E49CC9008B7831 /* SIReposadoInstanceMO.m */ = {isa = PBXFileReference; fileEncoding = 4; lastKnownFileType = sourcecode.c.objc; path = SIReposadoInstanceMO.m; sourceTree = "<group>"; };
		F5E06E9116E49CC9008B7831 /* SICatalogMO.h */ = {isa = PBXFileReference; fileEncoding = 4; lastKnownFileType = sourcecode.c.h; path = SICatalogMO.h; sourceTree = "<group>"; };
		F5E06E9216E49CC9008B7831 /* SICatalogMO.m */ = {isa = PBXFileReference; fileEncoding = 4; lastKnownFileType = sourcecode.c.objc; path = SICatalogMO.m; sourceTree = "<group>"; };
		F5E06E9316E49CC9008B7831 /* SIProductMO.h */ = {isa = PBXFileReference; fileEncoding = 4; lastKnownFileType = sourcecode.c.h; path = SIProductMO.h; sourceTree = "<group>"; };
		F5E06E9416E49CC9008B7831 /* SIProductMO.m */ = {isa = PBXFileReference; fileEncoding = 4; lastKnownFileType = sourcecode.c.objc; path = SIProductMO.m; sourceTree = "<group>"; };
		F5E06EA316E49CFD008B7831 /* DataModelHeaders.h */ = {isa = PBXFileReference; fileEncoding = 4; lastKnownFileType = sourcecode.c.h; path = DataModelHeaders.h; sourceTree = "<group>"; };
		F5E06EA516E4D8A1008B7831 /* SISizeFormatter.h */ = {isa = PBXFileReference; fileEncoding = 4; lastKnownFileType = sourcecode.c.h; path = SISizeFormatter.h; sourceTree = "<group>"; };
		F5E06EA616E4D8A1008B7831 /* SISizeFormatter.m */ = {isa = PBXFileReference; fileEncoding = 4; lastKnownFileType = sourcecode.c.objc; path = SISizeFormatter.m; sourceTree = "<group>"; };
		F5E07B5B170ACA910069993C /* SIPreferencesController.h */ = {isa = PBXFileReference; fileEncoding = 4; lastKnownFileType = sourcecode.c.h; name = SIPreferencesController.h; path = "UI Controllers/SIPreferencesController.h"; sourceTree = "<group>"; };
		F5E07B5C170ACA910069993C /* SIPreferencesController.m */ = {isa = PBXFileReference; fileEncoding = 4; lastKnownFileType = sourcecode.c.objc; name = SIPreferencesController.m; path = "UI Controllers/SIPreferencesController.m"; sourceTree = "<group>"; };
		F5E07B5D170ACA910069993C /* SIPreferencesController.xib */ = {isa = PBXFileReference; fileEncoding = 4; lastKnownFileType = file.xib; name = SIPreferencesController.xib; path = "UI Controllers/SIPreferencesController.xib"; sourceTree = "<group>"; };
		F5E5599F171BFD3000B285CF /* SIDownloadableObject.h */ = {isa = PBXFileReference; fileEncoding = 4; lastKnownFileType = sourcecode.c.h; path = SIDownloadableObject.h; sourceTree = "<group>"; };
		F5E559A0171BFD3000B285CF /* SIDownloadableObject.m */ = {isa = PBXFileReference; fileEncoding = 4; lastKnownFileType = sourcecode.c.objc; path = SIDownloadableObject.m; sourceTree = "<group>"; };
		F5E559A2171BFD3900B285CF /* _SIDownloadableObject.h */ = {isa = PBXFileReference; fileEncoding = 4; lastKnownFileType = sourcecode.c.h; path = _SIDownloadableObject.h; sourceTree = "<group>"; };
		F5E559A3171BFD3900B285CF /* _SIDownloadableObject.m */ = {isa = PBXFileReference; fileEncoding = 4; lastKnownFileType = sourcecode.c.objc; path = _SIDownloadableObject.m; sourceTree = "<group>"; };
		F5E559A5171C026800B285CF /* SIServerMetadataMO.h */ = {isa = PBXFileReference; fileEncoding = 4; lastKnownFileType = sourcecode.c.h; path = SIServerMetadataMO.h; sourceTree = "<group>"; };
		F5E559A6171C026800B285CF /* SIServerMetadataMO.m */ = {isa = PBXFileReference; fileEncoding = 4; lastKnownFileType = sourcecode.c.objc; path = SIServerMetadataMO.m; sourceTree = "<group>"; };
		F5E559A8171C027000B285CF /* _SIServerMetadataMO.h */ = {isa = PBXFileReference; fileEncoding = 4; lastKnownFileType = sourcecode.c.h; path = _SIServerMetadataMO.h; sourceTree = "<group>"; };
		F5E559A9171C027000B285CF /* _SIServerMetadataMO.m */ = {isa = PBXFileReference; fileEncoding = 4; lastKnownFileType = sourcecode.c.objc; path = _SIServerMetadataMO.m; sourceTree = "<group>"; };
		F5E559AB171C03F700B285CF /* SIPackageMetadataMO.h */ = {isa = PBXFileReference; fileEncoding = 4; lastKnownFileType = sourcecode.c.h; path = SIPackageMetadataMO.h; sourceTree = "<group>"; };
		F5E559AC171C03F700B285CF /* SIPackageMetadataMO.m */ = {isa = PBXFileReference; fileEncoding = 4; lastKnownFileType = sourcecode.c.objc; path = SIPackageMetadataMO.m; sourceTree = "<group>"; };
		F5E559AE171C03FE00B285CF /* _SIPackageMetadataMO.h */ = {isa = PBXFileReference; fileEncoding = 4; lastKnownFileType = sourcecode.c.h; path = _SIPackageMetadataMO.h; sourceTree = "<group>"; };
		F5E559AF171C03FE00B285CF /* _SIPackageMetadataMO.m */ = {isa = PBXFileReference; fileEncoding = 4; lastKnownFileType = sourcecode.c.objc; path = _SIPackageMetadataMO.m; sourceTree = "<group>"; };
		F5E559B1171C108300B285CF /* SIPackageMetadataParser.h */ = {isa = PBXFileReference; fileEncoding = 4; lastKnownFileType = sourcecode.c.h; path = SIPackageMetadataParser.h; sourceTree = "<group>"; };
		F5E559B2171C108300B285CF /* SIPackageMetadataParser.m */ = {isa = PBXFileReference; fileEncoding = 4; lastKnownFileType = sourcecode.c.objc; path = SIPackageMetadataParser.m; sourceTree = "<group>"; };
		F5EE0D9416E5D9E1006AEA8B /* SIMainWindowController.h */ = {isa = PBXFileReference; fileEncoding = 4; lastKnownFileType = sourcecode.c.h; name = SIMainWindowController.h; path = "UI Controllers/SIMainWindowController.h"; sourceTree = "<group>"; };
		F5EE0D9516E5D9E1006AEA8B /* SIMainWindowController.m */ = {isa = PBXFileReference; fileEncoding = 4; lastKnownFileType = sourcecode.c.objc; name = SIMainWindowController.m; path = "UI Controllers/SIMainWindowController.m"; sourceTree = "<group>"; };
		F5EE0D9616E5D9E1006AEA8B /* SIMainWindowController.xib */ = {isa = PBXFileReference; fileEncoding = 4; lastKnownFileType = file.xib; name = SIMainWindowController.xib; path = "UI Controllers/SIMainWindowController.xib"; sourceTree = "<group>"; };
		F5F237211717F69D00173700 /* SIDistributionMO.h */ = {isa = PBXFileReference; fileEncoding = 4; lastKnownFileType = sourcecode.c.h; path = SIDistributionMO.h; sourceTree = "<group>"; };
		F5F237221717F69D00173700 /* SIDistributionMO.m */ = {isa = PBXFileReference; fileEncoding = 4; lastKnownFileType = sourcecode.c.objc; path = SIDistributionMO.m; sourceTree = "<group>"; };
/* End PBXFileReference section */

/* Begin PBXFrameworksBuildPhase section */
		F5E06E3616E473FF008B7831 /* Frameworks */ = {
			isa = PBXFrameworksBuildPhase;
			buildActionMask = 2147483647;
			files = (
				260775B116F77ADE0062F69C /* WebKit.framework in Frameworks */,
				F5E06E3D16E473FF008B7831 /* Cocoa.framework in Frameworks */,
			);
			runOnlyForDeploymentPostprocessing = 0;
		};
		F5E06E5816E473FF008B7831 /* Frameworks */ = {
			isa = PBXFrameworksBuildPhase;
			buildActionMask = 2147483647;
			files = (
				F5E06E5E16E47400008B7831 /* SenTestingKit.framework in Frameworks */,
				F5E06E5F16E47400008B7831 /* Cocoa.framework in Frameworks */,
			);
			runOnlyForDeploymentPostprocessing = 0;
		};
/* End PBXFrameworksBuildPhase section */

/* Begin PBXGroup section */
		F53BDE4516E875AE00055BC3 /* Operations */ = {
			isa = PBXGroup;
			children = (
			);
			name = Operations;
			sourceTree = "<group>";
		};
		F58FF40F16F7530500EF58B0 /* RSVerticallyCenteredTextFieldCell */ = {
			isa = PBXGroup;
			children = (
				F58FF41016F7530500EF58B0 /* MIT-License.rtf */,
				F58FF41116F7530500EF58B0 /* RSVerticallyCenteredTextFieldCell.h */,
				F58FF41216F7530500EF58B0 /* RSVerticallyCenteredTextFieldCell.m */,
			);
			path = RSVerticallyCenteredTextFieldCell;
			sourceTree = "<group>";
		};
		F5D151A516EDED8B0072EE5F /* icons */ = {
			isa = PBXGroup;
			children = (
				26201BC516EE3781003F6416 /* 97-puzzle-piece.png */,
				26201BC616EE3781003F6416 /* 97-puzzle-piece@2x.png */,
				26201BC716EE3781003F6416 /* 104-index-cards.png */,
				26201BC816EE3781003F6416 /* 104-index-cards@2x.png */,
				26201BC116EE3680003F6416 /* 96-book.png */,
				26201BC216EE3680003F6416 /* 96-book@2x.png */,
				F5D151AA16EDEFB60072EE5F /* 179-notepad.png */,
				F5D151AB16EDEFB60072EE5F /* 179-notepad@2x.png */,
				F5D151A616EDED9C0072EE5F /* 293-database.png */,
				F5D151A716EDED9C0072EE5F /* 293-database@2x.png */,
			);
			name = icons;
			sourceTree = "<group>";
		};
		F5E06E3016E473FF008B7831 = {
			isa = PBXGroup;
			children = (
				260775B016F77ADE0062F69C /* WebKit.framework */,
				F5E06E7316E479DB008B7831 /* reposado */,
				F5E06E4216E473FF008B7831 /* SUS Inspector */,
				F5E06E6216E47400008B7831 /* SUS InspectorTests */,
				F5E06E3B16E473FF008B7831 /* Frameworks */,
				F5E06E3A16E473FF008B7831 /* Products */,
			);
			sourceTree = "<group>";
		};
		F5E06E3A16E473FF008B7831 /* Products */ = {
			isa = PBXGroup;
			children = (
				F5E06E3916E473FF008B7831 /* SUS Inspector.app */,
				F5E06E5C16E473FF008B7831 /* SUS InspectorTests.octest */,
			);
			name = Products;
			sourceTree = "<group>";
		};
		F5E06E3B16E473FF008B7831 /* Frameworks */ = {
			isa = PBXGroup;
			children = (
				F5E06E3C16E473FF008B7831 /* Cocoa.framework */,
				F5E06E5D16E473FF008B7831 /* SenTestingKit.framework */,
				F5E06E3E16E473FF008B7831 /* Other Frameworks */,
			);
			name = Frameworks;
			sourceTree = "<group>";
		};
		F5E06E3E16E473FF008B7831 /* Other Frameworks */ = {
			isa = PBXGroup;
			children = (
				F5E06E3F16E473FF008B7831 /* AppKit.framework */,
				F5E06E4016E473FF008B7831 /* CoreData.framework */,
				F5E06E4116E473FF008B7831 /* Foundation.framework */,
			);
			name = "Other Frameworks";
			sourceTree = "<group>";
		};
		F5E06E4216E473FF008B7831 /* SUS Inspector */ = {
			isa = PBXGroup;
			children = (
				F53BDE4516E875AE00055BC3 /* Operations */,
				F5EE0D9316E5D998006AEA8B /* UI Controllers */,
				F5E06EA416E4D876008B7831 /* Utilities */,
				F5E06EA216E49CCD008B7831 /* CoreData */,
				F5E06E4E16E473FF008B7831 /* SIAppDelegate.h */,
				F5E06E4F16E473FF008B7831 /* SIAppDelegate.m */,
				F53BDE4216E874D300055BC3 /* SIOperationManager.h */,
				F53BDE4316E874D300055BC3 /* SIOperationManager.m */,
				F5E559B1171C108300B285CF /* SIPackageMetadataParser.h */,
				F5E559B2171C108300B285CF /* SIPackageMetadataParser.m */,
				F5E06E5116E473FF008B7831 /* MainMenu.xib */,
				F5E06E5416E473FF008B7831 /* SUS_Inspector.xcdatamodeld */,
				F5E06E4316E473FF008B7831 /* Supporting Files */,
				D0232CCEE9E4AC0981A6AAEE /* Localizable.strings */,
			);
			path = "SUS Inspector";
			sourceTree = "<group>";
		};
		F5E06E4316E473FF008B7831 /* Supporting Files */ = {
			isa = PBXGroup;
			children = (
				F5D151A516EDED8B0072EE5F /* icons */,
				F5E06E4416E473FF008B7831 /* SUS Inspector-Info.plist */,
				F5E06E4516E473FF008B7831 /* InfoPlist.strings */,
				F5E06E4816E473FF008B7831 /* main.m */,
				F5E06E4A16E473FF008B7831 /* SUS Inspector-Prefix.pch */,
				F5E06E4B16E473FF008B7831 /* Credits.rtf */,
				26201BCD16EE3C37003F6416 /* UserDefaults.plist */,
			);
			name = "Supporting Files";
			sourceTree = "<group>";
		};
		F5E06E6216E47400008B7831 /* SUS InspectorTests */ = {
			isa = PBXGroup;
			children = (
				F5E06E6816E47400008B7831 /* SUS_InspectorTests.h */,
				F5E06E6916E47400008B7831 /* SUS_InspectorTests.m */,
				F5E06E6316E47400008B7831 /* Supporting Files */,
			);
			path = "SUS InspectorTests";
			sourceTree = "<group>";
		};
		F5E06E6316E47400008B7831 /* Supporting Files */ = {
			isa = PBXGroup;
			children = (
				F5E06E6416E47400008B7831 /* SUS InspectorTests-Info.plist */,
				F5E06E6516E47400008B7831 /* InfoPlist.strings */,
			);
			name = "Supporting Files";
			sourceTree = "<group>";
		};
		F5E06E7316E479DB008B7831 /* reposado */ = {
			isa = PBXGroup;
			children = (
				F5E06E7416E479DB008B7831 /* code */,
				F5E06E7A16E479DB008B7831 /* docs */,
				F5E06E8316E479DB008B7831 /* LICENSE.txt */,
				F5E06E8416E479DB008B7831 /* other */,
				F5E06E8616E479DB008B7831 /* README.md */,
				F5E06E8716E479DB008B7831 /* setup.py */,
			);
			path = reposado;
			sourceTree = "<group>";
		};
		F5E06E7416E479DB008B7831 /* code */ = {
			isa = PBXGroup;
			children = (
				F5E06E7516E479DB008B7831 /* repo_sync */,
				F5E06E7616E479DB008B7831 /* reposadolib */,
				F5E06E7916E479DB008B7831 /* repoutil */,
			);
			path = code;
			sourceTree = "<group>";
		};
		F5E06E7616E479DB008B7831 /* reposadolib */ = {
			isa = PBXGroup;
			children = (
				F5E06E7716E479DB008B7831 /* __init__.py */,
				F5E06E7816E479DB008B7831 /* reposadocommon.py */,
			);
			path = reposadolib;
			sourceTree = "<group>";
		};
		F5E06E7A16E479DB008B7831 /* docs */ = {
			isa = PBXGroup;
			children = (
				F5E06E7B16E479DB008B7831 /* client_configuration.txt */,
				F5E06E7C16E479DB008B7831 /* getting_started.txt */,
				F5E06E7D16E479DB008B7831 /* reference.txt */,
				F5E06E7E16E479DB008B7831 /* reposado_metadata.txt */,
				F5E06E7F16E479DB008B7831 /* reposado_operation.txt */,
				F5E06E8016E479DB008B7831 /* reposado_preferences.txt */,
				F5E06E8116E479DB008B7831 /* reposado_py2exe.txt */,
				F5E06E8216E479DB008B7831 /* URL_rewrites.txt */,
			);
			path = docs;
			sourceTree = "<group>";
		};
		F5E06E8416E479DB008B7831 /* other */ = {
			isa = PBXGroup;
			children = (
				F5E06E8516E479DB008B7831 /* reposado.jpg */,
			);
			path = other;
			sourceTree = "<group>";
		};
		F5E06E8E16E49CC9008B7831 /* MOHuman */ = {
			isa = PBXGroup;
			children = (
				F5E559AB171C03F700B285CF /* SIPackageMetadataMO.h */,
				F5E559AC171C03F700B285CF /* SIPackageMetadataMO.m */,
				F5E559A5171C026800B285CF /* SIServerMetadataMO.h */,
				F5E559A6171C026800B285CF /* SIServerMetadataMO.m */,
				F5E5599F171BFD3000B285CF /* SIDownloadableObject.h */,
				F5E559A0171BFD3000B285CF /* SIDownloadableObject.m */,
				F5F237211717F69D00173700 /* SIDistributionMO.h */,
				F5F237221717F69D00173700 /* SIDistributionMO.m */,
				26B05AD11711E42E00B24A5A /* SIPackageMO.h */,
				26B05AD21711E42E00B24A5A /* SIPackageMO.m */,
				F501048416EA044100B345DE /* SISourceListItemMO.h */,
				F501048516EA044100B345DE /* SISourceListItemMO.m */,
				F5E06E8F16E49CC9008B7831 /* SIReposadoInstanceMO.h */,
				F5E06E9016E49CC9008B7831 /* SIReposadoInstanceMO.m */,
				F5E06E9116E49CC9008B7831 /* SICatalogMO.h */,
				F5E06E9216E49CC9008B7831 /* SICatalogMO.m */,
				F5E06E9316E49CC9008B7831 /* SIProductMO.h */,
				F5E06E9416E49CC9008B7831 /* SIProductMO.m */,
			);
			path = MOHuman;
			sourceTree = "<group>";
		};
		F5E06E9516E49CC9008B7831 /* MOMachine */ = {
			isa = PBXGroup;
			children = (
				F5E559AE171C03FE00B285CF /* _SIPackageMetadataMO.h */,
				F5E559AF171C03FE00B285CF /* _SIPackageMetadataMO.m */,
				F5E559A8171C027000B285CF /* _SIServerMetadataMO.h */,
				F5E559A9171C027000B285CF /* _SIServerMetadataMO.m */,
				F5E559A2171BFD3900B285CF /* _SIDownloadableObject.h */,
				F5E559A3171BFD3900B285CF /* _SIDownloadableObject.m */,
				26F311F01719A8E800ED6AC7 /* _SICatalogMO.h */,
				26F311F11719A8E800ED6AC7 /* _SICatalogMO.m */,
				26F311F21719A8E800ED6AC7 /* _SIDistributionMO.h */,
				26F311F31719A8E800ED6AC7 /* _SIDistributionMO.m */,
				26F311F41719A8E800ED6AC7 /* _SIPackageMO.h */,
				26F311F51719A8E800ED6AC7 /* _SIPackageMO.m */,
				26F311F61719A8E800ED6AC7 /* _SIProductMO.h */,
				26F311F71719A8E800ED6AC7 /* _SIProductMO.m */,
				26F311F81719A8E800ED6AC7 /* _SIReposadoInstanceMO.h */,
				26F311F91719A8E800ED6AC7 /* _SIReposadoInstanceMO.m */,
				26F311FA1719A8E800ED6AC7 /* _SISourceListItemMO.h */,
				26F311FB1719A8E800ED6AC7 /* _SISourceListItemMO.m */,
			);
			path = MOMachine;
			sourceTree = "<group>";
		};
		F5E06EA216E49CCD008B7831 /* CoreData */ = {
			isa = PBXGroup;
			children = (
				F5E06E8E16E49CC9008B7831 /* MOHuman */,
				F5E06E9516E49CC9008B7831 /* MOMachine */,
				F5E06EA316E49CFD008B7831 /* DataModelHeaders.h */,
			);
			name = CoreData;
			sourceTree = "<group>";
		};
		F5E06EA416E4D876008B7831 /* Utilities */ = {
			isa = PBXGroup;
			children = (
				F5C6643B16EF1994009802F2 /* SIGradientButtonBarView.h */,
				F5C6643C16EF1994009802F2 /* SIGradientButtonBarView.m */,
				F53BDE5916E8B4C800055BC3 /* AMShellWrapper.h */,
				F53BDE5A16E8B4C800055BC3 /* AMShellWrapper.m */,
				F53BDE5616E8A3C200055BC3 /* SIGradientBackgroundView.h */,
				F53BDE5716E8A3C200055BC3 /* SIGradientBackgroundView.m */,
				F53BDE4916E882C000055BC3 /* NSManagedObjectContext+HJGCDExtensions.h */,
				F53BDE4A16E882C000055BC3 /* NSManagedObjectContext+HJGCDExtensions.m */,
				F5E06EA516E4D8A1008B7831 /* SISizeFormatter.h */,
				F5E06EA616E4D8A1008B7831 /* SISizeFormatter.m */,
			);
			name = Utilities;
			sourceTree = "<group>";
		};
		F5EE0D9316E5D998006AEA8B /* UI Controllers */ = {
			isa = PBXGroup;
			children = (
				F53BDE4C16E89BD100055BC3 /* SIProgressWindowController.h */,
				F53BDE4D16E89BD100055BC3 /* SIProgressWindowController.m */,
				F53BDE4E16E89BD200055BC3 /* SIProgressWindowController.xib */,
				F53BDE5116E8A0CD00055BC3 /* SIProductsViewController.h */,
				F53BDE5216E8A0CD00055BC3 /* SIProductsViewController.m */,
				F53BDE5316E8A0CD00055BC3 /* SIProductsViewController.xib */,
				F501047F16E9DF0900B345DE /* SICatalogsViewController.h */,
				F501048016E9DF0900B345DE /* SICatalogsViewController.m */,
				F501048116E9DF0900B345DE /* SICatalogsViewController.xib */,
				F5EE0D9416E5D9E1006AEA8B /* SIMainWindowController.h */,
				F5EE0D9516E5D9E1006AEA8B /* SIMainWindowController.m */,
				F5EE0D9616E5D9E1006AEA8B /* SIMainWindowController.xib */,
				26201BCF16EE4041003F6416 /* SIReposadoConfigurationController.h */,
				26201BD016EE4041003F6416 /* SIReposadoConfigurationController.m */,
				26201BD216EE405F003F6416 /* SIReposadoConfigurationController.xib */,
				F58FF40F16F7530500EF58B0 /* RSVerticallyCenteredTextFieldCell */,
				260775AB16F777AA0062F69C /* SIProductInfoWindowController.h */,
				260775AC16F777AA0062F69C /* SIProductInfoWindowController.m */,
				260775AD16F777AA0062F69C /* SIProductInfoWindowController.xib */,
				F51F79A816F8C421008BEA0D /* SIPkginfoWindowController.h */,
				F51F79A916F8C421008BEA0D /* SIPkginfoWindowController.m */,
				F51F79AA16F8C421008BEA0D /* SIPkginfoWindowController.xib */,
				F50EFBEE1727E6BD00B38233 /* SIPkginfoMultipleWindowController.h */,
				F50EFBEF1727E6BD00B38233 /* SIPkginfoMultipleWindowController.m */,
				F50EFBF01727E6BD00B38233 /* SIPkginfoMultipleWindowController.xib */,
				F5E07B5B170ACA910069993C /* SIPreferencesController.h */,
				F5E07B5C170ACA910069993C /* SIPreferencesController.m */,
				F5E07B5D170ACA910069993C /* SIPreferencesController.xib */,
			);
			name = "UI Controllers";
			sourceTree = "<group>";
		};
/* End PBXGroup section */

/* Begin PBXNativeTarget section */
		F5E06E3816E473FF008B7831 /* SUS Inspector */ = {
			isa = PBXNativeTarget;
			buildConfigurationList = F5E06E6D16E47400008B7831 /* Build configuration list for PBXNativeTarget "SUS Inspector" */;
			buildPhases = (
				F5E06E3516E473FF008B7831 /* Sources */,
				F5E06E3616E473FF008B7831 /* Frameworks */,
				F5E06E3716E473FF008B7831 /* Resources */,
				F5D151A416EDC11C0072EE5F /* reposado */,
			);
			buildRules = (
			);
			dependencies = (
			);
			name = "SUS Inspector";
			productName = "SUS Inspector";
			productReference = F5E06E3916E473FF008B7831 /* SUS Inspector.app */;
			productType = "com.apple.product-type.application";
		};
		F5E06E5B16E473FF008B7831 /* SUS InspectorTests */ = {
			isa = PBXNativeTarget;
			buildConfigurationList = F5E06E7016E47400008B7831 /* Build configuration list for PBXNativeTarget "SUS InspectorTests" */;
			buildPhases = (
				F5E06E5716E473FF008B7831 /* Sources */,
				F5E06E5816E473FF008B7831 /* Frameworks */,
				F5E06E5916E473FF008B7831 /* Resources */,
				F5E06E5A16E473FF008B7831 /* ShellScript */,
			);
			buildRules = (
			);
			dependencies = (
				F5E06E6116E47400008B7831 /* PBXTargetDependency */,
			);
			name = "SUS InspectorTests";
			productName = "SUS InspectorTests";
			productReference = F5E06E5C16E473FF008B7831 /* SUS InspectorTests.octest */;
			productType = "com.apple.product-type.bundle";
		};
/* End PBXNativeTarget section */

/* Begin PBXProject section */
		F5E06E3116E473FF008B7831 /* Project object */ = {
			isa = PBXProject;
			attributes = {
				CLASSPREFIX = SI;
				LastUpgradeCheck = 0460;
				ORGANIZATIONNAME = "Hannes Juutilainen";
			};
			buildConfigurationList = F5E06E3416E473FF008B7831 /* Build configuration list for PBXProject "SUS Inspector" */;
			compatibilityVersion = "Xcode 3.2";
			developmentRegion = English;
			hasScannedForEncodings = 0;
			knownRegions = (
				en,
			);
			mainGroup = F5E06E3016E473FF008B7831;
			productRefGroup = F5E06E3A16E473FF008B7831 /* Products */;
			projectDirPath = "";
			projectRoot = "";
			targets = (
				F5E06E3816E473FF008B7831 /* SUS Inspector */,
				F5E06E5B16E473FF008B7831 /* SUS InspectorTests */,
			);
		};
/* End PBXProject section */

/* Begin PBXResourcesBuildPhase section */
		F5E06E3716E473FF008B7831 /* Resources */ = {
			isa = PBXResourcesBuildPhase;
			buildActionMask = 2147483647;
			files = (
				F5E06E4716E473FF008B7831 /* InfoPlist.strings in Resources */,
				F5E06E4D16E473FF008B7831 /* Credits.rtf in Resources */,
				F5E06E5316E473FF008B7831 /* MainMenu.xib in Resources */,
				F5EE0D9816E5D9E1006AEA8B /* SIMainWindowController.xib in Resources */,
				F53BDE5016E89BD200055BC3 /* SIProgressWindowController.xib in Resources */,
				F53BDE5516E8A0CD00055BC3 /* SIProductsViewController.xib in Resources */,
				F501048316E9DF0900B345DE /* SICatalogsViewController.xib in Resources */,
				F5D151A816EDED9C0072EE5F /* 293-database.png in Resources */,
				F5D151A916EDED9C0072EE5F /* 293-database@2x.png in Resources */,
				F5D151AC16EDEFB60072EE5F /* 179-notepad.png in Resources */,
				F5D151AD16EDEFB60072EE5F /* 179-notepad@2x.png in Resources */,
				26201BC316EE3680003F6416 /* 96-book.png in Resources */,
				26201BC416EE3680003F6416 /* 96-book@2x.png in Resources */,
				26201BC916EE3781003F6416 /* 97-puzzle-piece.png in Resources */,
				26201BCA16EE3781003F6416 /* 97-puzzle-piece@2x.png in Resources */,
				26201BCB16EE3781003F6416 /* 104-index-cards.png in Resources */,
				26201BCC16EE3781003F6416 /* 104-index-cards@2x.png in Resources */,
				26201BCE16EE3C37003F6416 /* UserDefaults.plist in Resources */,
				26201BD316EE405F003F6416 /* SIReposadoConfigurationController.xib in Resources */,
				F58FF41316F7530500EF58B0 /* MIT-License.rtf in Resources */,
				260775AF16F777AA0062F69C /* SIProductInfoWindowController.xib in Resources */,
				F51F79AC16F8C421008BEA0D /* SIPkginfoWindowController.xib in Resources */,
				D02F46BBA900C02FF0022F4B /* Localizable.strings in Resources */,
				F5E07B5F170ACA910069993C /* SIPreferencesController.xib in Resources */,
				F50EFBF21727E6BD00B38233 /* SIPkginfoMultipleWindowController.xib in Resources */,
			);
			runOnlyForDeploymentPostprocessing = 0;
		};
		F5E06E5916E473FF008B7831 /* Resources */ = {
			isa = PBXResourcesBuildPhase;
			buildActionMask = 2147483647;
			files = (
				F5E06E6716E47400008B7831 /* InfoPlist.strings in Resources */,
			);
			runOnlyForDeploymentPostprocessing = 0;
		};
/* End PBXResourcesBuildPhase section */

/* Begin PBXShellScriptBuildPhase section */
		F5D151A416EDC11C0072EE5F /* reposado */ = {
			isa = PBXShellScriptBuildPhase;
			buildActionMask = 2147483647;
			files = (
			);
			inputPaths = (
			);
			name = reposado;
			outputPaths = (
			);
			runOnlyForDeploymentPostprocessing = 0;
			shellPath = /bin/bash;
			shellScript = "# ==========================================================\n#  This script creates a .bundle from included reposado\n# ==========================================================\n\n# Clean the current output directory\nREPOSADO_OUT=\"${BUILT_PRODUCTS_DIR}/${UNLOCALIZED_RESOURCES_FOLDER_PATH}/reposado.bundle/\"\nif [[ -d \"${REPOSADO_OUT}\" ]]; then\n    rm -rf \"${REPOSADO_OUT}\"\nfi\n\n# Run a git checkout-index for the reposado submodule\ncd \"${SRCROOT}/reposado\"; git checkout-index --prefix=\"${REPOSADO_OUT}\" -a\n\n# Exit with the git checkout-index exit code\nexit $?\n";
		};
		F5E06E5A16E473FF008B7831 /* ShellScript */ = {
			isa = PBXShellScriptBuildPhase;
			buildActionMask = 2147483647;
			files = (
			);
			inputPaths = (
			);
			outputPaths = (
			);
			runOnlyForDeploymentPostprocessing = 0;
			shellPath = /bin/sh;
			shellScript = "# Run the unit tests in this test bundle.\n\"${SYSTEM_DEVELOPER_DIR}/Tools/RunUnitTests\"\n";
		};
/* End PBXShellScriptBuildPhase section */

/* Begin PBXSourcesBuildPhase section */
		F5E06E3516E473FF008B7831 /* Sources */ = {
			isa = PBXSourcesBuildPhase;
			buildActionMask = 2147483647;
			files = (
				F5E06E4916E473FF008B7831 /* main.m in Sources */,
				F5E06E5016E473FF008B7831 /* SIAppDelegate.m in Sources */,
				F5E06E5616E473FF008B7831 /* SUS_Inspector.xcdatamodeld in Sources */,
				F5E06E9C16E49CC9008B7831 /* SIReposadoInstanceMO.m in Sources */,
				F5E06E9D16E49CC9008B7831 /* SICatalogMO.m in Sources */,
				F5E06E9E16E49CC9008B7831 /* SIProductMO.m in Sources */,
				F5E06EA716E4D8A1008B7831 /* SISizeFormatter.m in Sources */,
				F5EE0D9716E5D9E1006AEA8B /* SIMainWindowController.m in Sources */,
				F53BDE4416E874D300055BC3 /* SIOperationManager.m in Sources */,
				F53BDE4B16E882C000055BC3 /* NSManagedObjectContext+HJGCDExtensions.m in Sources */,
				F53BDE4F16E89BD200055BC3 /* SIProgressWindowController.m in Sources */,
				F53BDE5416E8A0CD00055BC3 /* SIProductsViewController.m in Sources */,
				F53BDE5816E8A3C300055BC3 /* SIGradientBackgroundView.m in Sources */,
				F53BDE5B16E8B4C800055BC3 /* AMShellWrapper.m in Sources */,
				F501048216E9DF0900B345DE /* SICatalogsViewController.m in Sources */,
				F501048616EA044100B345DE /* SISourceListItemMO.m in Sources */,
				26201BD116EE4041003F6416 /* SIReposadoConfigurationController.m in Sources */,
				F5C6643D16EF1994009802F2 /* SIGradientButtonBarView.m in Sources */,
				F58FF41416F7530500EF58B0 /* RSVerticallyCenteredTextFieldCell.m in Sources */,
				260775AE16F777AA0062F69C /* SIProductInfoWindowController.m in Sources */,
				F51F79AB16F8C421008BEA0D /* SIPkginfoWindowController.m in Sources */,
				F5E07B5E170ACA910069993C /* SIPreferencesController.m in Sources */,
				26B05AD31711E42E00B24A5A /* SIPackageMO.m in Sources */,
				F5F237231717F69D00173700 /* SIDistributionMO.m in Sources */,
				26F311FC1719A8E800ED6AC7 /* _SICatalogMO.m in Sources */,
				26F311FD1719A8E800ED6AC7 /* _SIDistributionMO.m in Sources */,
				26F311FE1719A8E800ED6AC7 /* _SIPackageMO.m in Sources */,
				26F311FF1719A8E800ED6AC7 /* _SIProductMO.m in Sources */,
				26F312001719A8E800ED6AC7 /* _SIReposadoInstanceMO.m in Sources */,
				26F312011719A8E800ED6AC7 /* _SISourceListItemMO.m in Sources */,
				F5E559A1171BFD3000B285CF /* SIDownloadableObject.m in Sources */,
				F5E559A4171BFD3900B285CF /* _SIDownloadableObject.m in Sources */,
				F5E559A7171C026800B285CF /* SIServerMetadataMO.m in Sources */,
				F5E559AA171C027000B285CF /* _SIServerMetadataMO.m in Sources */,
				F5E559AD171C03F700B285CF /* SIPackageMetadataMO.m in Sources */,
				F5E559B0171C03FE00B285CF /* _SIPackageMetadataMO.m in Sources */,
				F5E559B3171C108300B285CF /* SIPackageMetadataParser.m in Sources */,
				F50EFBF11727E6BD00B38233 /* SIPkginfoMultipleWindowController.m in Sources */,
			);
			runOnlyForDeploymentPostprocessing = 0;
		};
		F5E06E5716E473FF008B7831 /* Sources */ = {
			isa = PBXSourcesBuildPhase;
			buildActionMask = 2147483647;
			files = (
				F5E06E6A16E47400008B7831 /* SUS_InspectorTests.m in Sources */,
			);
			runOnlyForDeploymentPostprocessing = 0;
		};
/* End PBXSourcesBuildPhase section */

/* Begin PBXTargetDependency section */
		F5E06E6116E47400008B7831 /* PBXTargetDependency */ = {
			isa = PBXTargetDependency;
			target = F5E06E3816E473FF008B7831 /* SUS Inspector */;
			targetProxy = F5E06E6016E47400008B7831 /* PBXContainerItemProxy */;
		};
/* End PBXTargetDependency section */

/* Begin PBXVariantGroup section */
		F5E06E4516E473FF008B7831 /* InfoPlist.strings */ = {
			isa = PBXVariantGroup;
			children = (
				F5E06E4616E473FF008B7831 /* en */,
			);
			name = InfoPlist.strings;
			sourceTree = "<group>";
		};
		F5E06E4B16E473FF008B7831 /* Credits.rtf */ = {
			isa = PBXVariantGroup;
			children = (
				F5E06E4C16E473FF008B7831 /* en */,
			);
			name = Credits.rtf;
			sourceTree = "<group>";
		};
		F5E06E5116E473FF008B7831 /* MainMenu.xib */ = {
			isa = PBXVariantGroup;
			children = (
				F5E06E5216E473FF008B7831 /* en */,
			);
			name = MainMenu.xib;
			sourceTree = "<group>";
		};
		F5E06E6516E47400008B7831 /* InfoPlist.strings */ = {
			isa = PBXVariantGroup;
			children = (
				F5E06E6616E47400008B7831 /* en */,
			);
			name = InfoPlist.strings;
			sourceTree = "<group>";
		};
/* End PBXVariantGroup section */

/* Begin XCBuildConfiguration section */
		F5E06E6B16E47400008B7831 /* Debug */ = {
			isa = XCBuildConfiguration;
			buildSettings = {
				ALWAYS_SEARCH_USER_PATHS = NO;
				ARCHS = "$(ARCHS_STANDARD_64_BIT)";
				CLANG_CXX_LANGUAGE_STANDARD = "gnu++0x";
				CLANG_CXX_LIBRARY = "libc++";
				CLANG_WARN_CONSTANT_CONVERSION = YES;
				CLANG_WARN_EMPTY_BODY = YES;
				CLANG_WARN_ENUM_CONVERSION = YES;
				CLANG_WARN_INT_CONVERSION = YES;
				CLANG_WARN__DUPLICATE_METHOD_MATCH = YES;
				COPY_PHASE_STRIP = NO;
				GCC_C_LANGUAGE_STANDARD = gnu99;
				GCC_DYNAMIC_NO_PIC = NO;
				GCC_ENABLE_OBJC_EXCEPTIONS = YES;
				GCC_OPTIMIZATION_LEVEL = 0;
				GCC_PREPROCESSOR_DEFINITIONS = (
					"DEBUG=1",
					"$(inherited)",
				);
				GCC_SYMBOLS_PRIVATE_EXTERN = NO;
				GCC_WARN_64_TO_32_BIT_CONVERSION = YES;
				GCC_WARN_ABOUT_RETURN_TYPE = YES;
				GCC_WARN_UNINITIALIZED_AUTOS = YES;
				GCC_WARN_UNUSED_VARIABLE = YES;
				MACOSX_DEPLOYMENT_TARGET = 10.8;
				ONLY_ACTIVE_ARCH = YES;
				SDKROOT = macosx;
			};
			name = Debug;
		};
		F5E06E6C16E47400008B7831 /* Release */ = {
			isa = XCBuildConfiguration;
			buildSettings = {
				ALWAYS_SEARCH_USER_PATHS = NO;
				ARCHS = "$(ARCHS_STANDARD_64_BIT)";
				CLANG_CXX_LANGUAGE_STANDARD = "gnu++0x";
				CLANG_CXX_LIBRARY = "libc++";
				CLANG_WARN_CONSTANT_CONVERSION = YES;
				CLANG_WARN_EMPTY_BODY = YES;
				CLANG_WARN_ENUM_CONVERSION = YES;
				CLANG_WARN_INT_CONVERSION = YES;
				CLANG_WARN__DUPLICATE_METHOD_MATCH = YES;
				COPY_PHASE_STRIP = YES;
				DEBUG_INFORMATION_FORMAT = "dwarf-with-dsym";
				GCC_C_LANGUAGE_STANDARD = gnu99;
				GCC_ENABLE_OBJC_EXCEPTIONS = YES;
				GCC_WARN_64_TO_32_BIT_CONVERSION = YES;
				GCC_WARN_ABOUT_RETURN_TYPE = YES;
				GCC_WARN_UNINITIALIZED_AUTOS = YES;
				GCC_WARN_UNUSED_VARIABLE = YES;
				MACOSX_DEPLOYMENT_TARGET = 10.8;
				SDKROOT = macosx;
			};
			name = Release;
		};
		F5E06E6E16E47400008B7831 /* Debug */ = {
			isa = XCBuildConfiguration;
			buildSettings = {
				COMBINE_HIDPI_IMAGES = YES;
				GCC_PRECOMPILE_PREFIX_HEADER = YES;
				GCC_PREFIX_HEADER = "SUS Inspector/SUS Inspector-Prefix.pch";
				INFOPLIST_FILE = "SUS Inspector/SUS Inspector-Info.plist";
				MACOSX_DEPLOYMENT_TARGET = 10.7;
				PRODUCT_NAME = "$(TARGET_NAME)";
				WRAPPER_EXTENSION = app;
			};
			name = Debug;
		};
		F5E06E6F16E47400008B7831 /* Release */ = {
			isa = XCBuildConfiguration;
			buildSettings = {
				COMBINE_HIDPI_IMAGES = YES;
				GCC_PRECOMPILE_PREFIX_HEADER = YES;
				GCC_PREFIX_HEADER = "SUS Inspector/SUS Inspector-Prefix.pch";
				INFOPLIST_FILE = "SUS Inspector/SUS Inspector-Info.plist";
				MACOSX_DEPLOYMENT_TARGET = 10.7;
				PRODUCT_NAME = "$(TARGET_NAME)";
				WRAPPER_EXTENSION = app;
			};
			name = Release;
		};
		F5E06E7116E47400008B7831 /* Debug */ = {
			isa = XCBuildConfiguration;
			buildSettings = {
				BUNDLE_LOADER = "$(BUILT_PRODUCTS_DIR)/SUS Inspector.app/Contents/MacOS/SUS Inspector";
				COMBINE_HIDPI_IMAGES = YES;
				FRAMEWORK_SEARCH_PATHS = "\"$(DEVELOPER_LIBRARY_DIR)/Frameworks\"";
				GCC_PRECOMPILE_PREFIX_HEADER = YES;
				GCC_PREFIX_HEADER = "SUS Inspector/SUS Inspector-Prefix.pch";
				INFOPLIST_FILE = "SUS InspectorTests/SUS InspectorTests-Info.plist";
				PRODUCT_NAME = "$(TARGET_NAME)";
				TEST_HOST = "$(BUNDLE_LOADER)";
				WRAPPER_EXTENSION = octest;
			};
			name = Debug;
		};
		F5E06E7216E47400008B7831 /* Release */ = {
			isa = XCBuildConfiguration;
			buildSettings = {
				BUNDLE_LOADER = "$(BUILT_PRODUCTS_DIR)/SUS Inspector.app/Contents/MacOS/SUS Inspector";
				COMBINE_HIDPI_IMAGES = YES;
				FRAMEWORK_SEARCH_PATHS = "\"$(DEVELOPER_LIBRARY_DIR)/Frameworks\"";
				GCC_PRECOMPILE_PREFIX_HEADER = YES;
				GCC_PREFIX_HEADER = "SUS Inspector/SUS Inspector-Prefix.pch";
				INFOPLIST_FILE = "SUS InspectorTests/SUS InspectorTests-Info.plist";
				PRODUCT_NAME = "$(TARGET_NAME)";
				TEST_HOST = "$(BUNDLE_LOADER)";
				WRAPPER_EXTENSION = octest;
			};
			name = Release;
		};
/* End XCBuildConfiguration section */

/* Begin XCConfigurationList section */
		F5E06E3416E473FF008B7831 /* Build configuration list for PBXProject "SUS Inspector" */ = {
			isa = XCConfigurationList;
			buildConfigurations = (
				F5E06E6B16E47400008B7831 /* Debug */,
				F5E06E6C16E47400008B7831 /* Release */,
			);
			defaultConfigurationIsVisible = 0;
			defaultConfigurationName = Release;
		};
		F5E06E6D16E47400008B7831 /* Build configuration list for PBXNativeTarget "SUS Inspector" */ = {
			isa = XCConfigurationList;
			buildConfigurations = (
				F5E06E6E16E47400008B7831 /* Debug */,
				F5E06E6F16E47400008B7831 /* Release */,
			);
			defaultConfigurationIsVisible = 0;
			defaultConfigurationName = Release;
		};
		F5E06E7016E47400008B7831 /* Build configuration list for PBXNativeTarget "SUS InspectorTests" */ = {
			isa = XCConfigurationList;
			buildConfigurations = (
				F5E06E7116E47400008B7831 /* Debug */,
				F5E06E7216E47400008B7831 /* Release */,
			);
			defaultConfigurationIsVisible = 0;
			defaultConfigurationName = Release;
		};
/* End XCConfigurationList section */

/* Begin XCVersionGroup section */
		F5E06E5416E473FF008B7831 /* SUS_Inspector.xcdatamodeld */ = {
			isa = XCVersionGroup;
			children = (
				F5E06E5516E473FF008B7831 /* SUS_Inspector.xcdatamodel */,
			);
			currentVersion = F5E06E5516E473FF008B7831 /* SUS_Inspector.xcdatamodel */;
			path = SUS_Inspector.xcdatamodeld;
			sourceTree = "<group>";
			versionGroupType = wrapper.xcdatamodel;
		};
/* End XCVersionGroup section */
	};
	rootObject = F5E06E3116E473FF008B7831 /* Project object */;
}
